# @generated - this file is auto-generated by `mise lock` https://mise.en.dev/dev-tools/mise-lock.html

[[tools.hk]]
version = "1.44.3"
backend = "aqua:jdx/hk"

[tools.hk."platforms.linux-arm64"]
checksum = "sha256:85e0f8b7c3107f5b7853390bf8201d3d9839021e3f2d7629f5457f7569218fcc"
url = "https://github.com/jdx/hk/releases/download/v1.44.3/hk-aarch64-unknown-linux-gnu.tar.gz"

[tools.hk."platforms.linux-x64"]
checksum = "sha256:8ff22722b831acae2ac61eddbe349497f9538ac7ac28f4b1a2e3dd7c0e43ee8c"
url = "https://github.com/jdx/hk/releases/download/v1.44.3/hk-x86_64-unknown-linux-gnu.tar.gz"

[tools.hk."platforms.macos-arm64"]
checksum = "sha256:e9000438928e7c66fd7790f0b47ca9b1c0b971c834238c1fa5faffae7fd92625"
url = "https://github.com/jdx/hk/releases/download/v1.44.3/hk-aarch64-apple-darwin.tar.gz"

[[tools.pixi]]
version = "0.67.2"
backend = "github:prefix-dev/pixi"

[tools.pixi."platforms.linux-arm64"]
checksum = "sha256:0f1ca00409f9324ed6c74cd6190dcb86d378bd49636c486d8f76231afab3352f"
url = "https://github.com/prefix-dev/pixi/releases/download/v0.67.2/pixi-aarch64-unknown-linux-musl.tar.gz"
url_api = "https://api.github.com/repos/prefix-dev/pixi/releases/assets/403298991"

[tools.pixi."platforms.linux-arm64".provenance.slsa]
url = "https://github.com/prefix-dev/pixi/releases/download/v0.67.2/attestations-aarch64-unknown-linux-musl.intoto.jsonl"

[tools.pixi."platforms.linux-x64"]
checksum = "sha256:a2e8d1dc18351e71a67cee22c8ff1635636d625c7d2dcf068ca035cda1dd133b"
url = "https://github.com/prefix-dev/pixi/releases/download/v0.67.2/pixi-x86_64-unknown-linux-musl.tar.gz"
url_api = "https://api.github.com/repos/prefix-dev/pixi/releases/assets/403299120"

[tools.pixi."platforms.linux-x64".provenance.slsa]
url = "https://github.com/prefix-dev/pixi/releases/download/v0.67.2/attestations-x86_64-unknown-linux-musl.intoto.jsonl"

[tools.pixi."platforms.macos-arm64"]
checksum = "sha256:c440c760169ced6969e50612f173f7b68f3e171377f1c8967416c5a6ccbd7155"
url = "https://github.com/prefix-dev/pixi/releases/download/v0.67.2/pixi-aarch64-apple-darwin.tar.gz"
url_api = "https://api.github.com/repos/prefix-dev/pixi/releases/assets/403298931"

[tools.pixi."platforms.macos-arm64".provenance.slsa]
url = "https://github.com/prefix-dev/pixi/releases/download/v0.67.2/attestations-aarch64-apple-darwin.intoto.jsonl"

[[tools.pkl]]
version = "0.31.1"
backend = "aqua:apple/pkl"

[tools.pkl."platforms.linux-arm64"]
checksum = "sha256:7ef10e743daa921fb94ae7bdb9ec6986f362bf250c55814b9ea2aeb13f2d083e"
url = "https://github.com/apple/pkl/releases/download/0.31.1/pkl-linux-aarch64"

[tools.pkl."platforms.linux-x64"]
checksum = "sha256:618f13955d755cafbfe8c9cba1d27635848cd49dbc6abffd398d2751db1231bf"
url = "https://github.com/apple/pkl/releases/download/0.31.1/pkl-linux-amd64"

[tools.pkl."platforms.macos-arm64"]
checksum = "sha256:1b6a5438d9624cd2798a7530721bbbfa27ef72efe5c878a1b6c546c6e7ca0e8f"
url = "https://github.com/apple/pkl/releases/download/0.31.1/pkl-macos-aarch64"
