# @generated - this file is auto-generated by `mise lock` https://mise.en.dev/dev-tools/mise-lock.html

[[tools.hk]]
version = "1.48.0"
backend = "aqua:jdx/hk"

[tools.hk."platforms.linux-arm64"]
checksum = "sha256:d72463103d9682094e9b1fb2f20ef8824d1ec7a9b23f79163921bac7785fcd51"
url = "https://github.com/jdx/hk/releases/download/v1.48.0/hk-aarch64-unknown-linux-gnu.tar.gz"

[tools.hk."platforms.linux-x64"]
checksum = "sha256:6b7f9a28391a8b13b88208d723cbde7b945d095cbb03455c7dd5f8df551ed380"
url = "https://github.com/jdx/hk/releases/download/v1.48.0/hk-x86_64-unknown-linux-gnu.tar.gz"

[tools.hk."platforms.macos-arm64"]
checksum = "sha256:e3985a14f41ba5eb849bf79502ad19201d0a582114a5ebe35a9afff16742024b"
url = "https://github.com/jdx/hk/releases/download/v1.48.0/hk-aarch64-apple-darwin.tar.gz"

[[tools.pixi]]
version = "0.70.2"
backend = "github:prefix-dev/pixi"

[tools.pixi."platforms.linux-arm64"]
checksum = "sha256:19f61d069f7ab963f3b9d6794134f893c83ecd2b7cd698e19268daa3a1fa606b"
url = "https://github.com/prefix-dev/pixi/releases/download/v0.70.2/pixi-aarch64-unknown-linux-musl.tar.gz"
url_api = "https://api.github.com/repos/prefix-dev/pixi/releases/assets/441802069"

[tools.pixi."platforms.linux-arm64".provenance.slsa]
url = "https://github.com/prefix-dev/pixi/releases/download/v0.70.2/attestations-aarch64-unknown-linux-musl.intoto.jsonl"

[tools.pixi."platforms.linux-x64"]
checksum = "sha256:9d0d72fc1fa1a8f87bfde943cf25d3575cb352cb516795d4dab21898bd98adea"
url = "https://github.com/prefix-dev/pixi/releases/download/v0.70.2/pixi-x86_64-unknown-linux-musl.tar.gz"
url_api = "https://api.github.com/repos/prefix-dev/pixi/releases/assets/441802136"

[tools.pixi."platforms.linux-x64".provenance.slsa]
url = "https://github.com/prefix-dev/pixi/releases/download/v0.70.2/attestations-x86_64-unknown-linux-musl.intoto.jsonl"

[tools.pixi."platforms.macos-arm64"]
checksum = "sha256:861d03fc9df28c76ef174ece007d02537ae1c24e467d65de0fc82c78af71cced"
url = "https://github.com/prefix-dev/pixi/releases/download/v0.70.2/pixi-aarch64-apple-darwin.tar.gz"
url_api = "https://api.github.com/repos/prefix-dev/pixi/releases/assets/441802024"

[tools.pixi."platforms.macos-arm64".provenance.slsa]
url = "https://github.com/prefix-dev/pixi/releases/download/v0.70.2/attestations-aarch64-apple-darwin.intoto.jsonl"
